
Microsoft Visual Studio Solution File, Format Version 12.00
# Visual Studio Version 17
VisualStudioVersion = 17.11.35327.3
MinimumVisualStudioVersion = 10.0.40219.1
Project("{9A19103F-16F7-4668-BE54-9A1E7A4F7556}") = "ex01", "ex01\ex01.csproj", "{0501F3D5-A4B0-4D87-88DD-65BA963D2274}"
EndProject
Project("{9A19103F-16F7-4668-BE54-9A1E7A4F7556}") = "ex02", "ex02\ex02.csproj", "{B122D25B-75B4-42A3-A158-87C62C765E17}"
EndProject
Project("{9A19103F-16F7-4668-BE54-9A1E7A4F7556}") = "ex03", "ex03\ex03.csproj", "{3BB9E5DF-ED42-44A5-BEEE-B3C5F1154895}"
EndProject
Project("{9A19103F-16F7-4668-BE54-9A1E7A4F7556}") = "ex04", "ex04\ex04.csproj", "{67DCAE2C-2107-4B32-B650-445EF02A4047}"
EndProject
Project("{9A19103F-16F7-4668-BE54-9A1E7A4F7556}") = "ex05", "ex05\ex05.csproj", "{1BC8135C-F654-4BD8-BDBF-7386B4D375EA}"
EndProject
Project("{9A19103F-16F7-4668-BE54-9A1E7A4F7556}") = "ex06", "ex06\ex06.csproj", "{BAE6357C-EF79-42BD-8B0A-02610BBCAB44}"
EndProject
Project("{FAE04EC0-301F-11D3-BF4B-00C04F79EFBC}") = "ex07", "ex07\ex07.csproj", "{76E7C2DB-6A0A-43F1-99B0-1473F822F704}"
EndProject
Global
	GlobalSection(SolutionConfigurationPlatforms) = preSolution
		Debug|Any CPU = Debug|Any CPU
		Release|Any CPU = Release|Any CPU
	EndGlobalSection
	GlobalSection(ProjectConfigurationPlatforms) = postSolution
		{0501F3D5-A4B0-4D87-88DD-65BA963D2274}.Debug|Any CPU.ActiveCfg = Debug|Any CPU
		{0501F3D5-A4B0-4D87-88DD-65BA963D2274}.Debug|Any CPU.Build.0 = Debug|Any CPU
		{0501F3D5-A4B0-4D87-88DD-65BA963D2274}.Release|Any CPU.ActiveCfg = Release|Any CPU
		{0501F3D5-A4B0-4D87-88DD-65BA963D2274}.Release|Any CPU.Build.0 = Release|Any CPU
		{B122D25B-75B4-42A3-A158-87C62C765E17}.Debug|Any CPU.ActiveCfg = Debug|Any CPU
		{B122D25B-75B4-42A3-A158-87C62C765E17}.Debug|Any CPU.Build.0 = Debug|Any CPU
		{B122D25B-75B4-42A3-A158-87C62C765E17}.Release|Any CPU.ActiveCfg = Release|Any CPU
		{B122D25B-75B4-42A3-A158-87C62C765E17}.Release|Any CPU.Build.0 = Release|Any CPU
		{3BB9E5DF-ED42-44A5-BEEE-B3C5F1154895}.Debug|Any CPU.ActiveCfg = Debug|Any CPU
		{3BB9E5DF-ED42-44A5-BEEE-B3C5F1154895}.Debug|Any CPU.Build.0 = Debug|Any CPU
		{3BB9E5DF-ED42-44A5-BEEE-B3C5F1154895}.Release|Any CPU.ActiveCfg = Release|Any CPU
		{3BB9E5DF-ED42-44A5-BEEE-B3C5F1154895}.Release|Any CPU.Build.0 = Release|Any CPU
		{67DCAE2C-2107-4B32-B650-445EF02A4047}.Debug|Any CPU.ActiveCfg = Debug|Any CPU
		{67DCAE2C-2107-4B32-B650-445EF02A4047}.Debug|Any CPU.Build.0 = Debug|Any CPU
		{67DCAE2C-2107-4B32-B650-445EF02A4047}.Release|Any CPU.ActiveCfg = Release|Any CPU
		{67DCAE2C-2107-4B32-B650-445EF02A4047}.Release|Any CPU.Build.0 = Release|Any CPU
		{1BC8135C-F654-4BD8-BDBF-7386B4D375EA}.Debug|Any CPU.ActiveCfg = Debug|Any CPU
		{1BC8135C-F654-4BD8-BDBF-7386B4D375EA}.Debug|Any CPU.Build.0 = Debug|Any CPU
		{1BC8135C-F654-4BD8-BDBF-7386B4D375EA}.Release|Any CPU.ActiveCfg = Release|Any CPU
		{1BC8135C-F654-4BD8-BDBF-7386B4D375EA}.Release|Any CPU.Build.0 = Release|Any CPU
		{BAE6357C-EF79-42BD-8B0A-02610BBCAB44}.Debug|Any CPU.ActiveCfg = Debug|Any CPU
		{BAE6357C-EF79-42BD-8B0A-02610BBCAB44}.Debug|Any CPU.Build.0 = Debug|Any CPU
		{BAE6357C-EF79-42BD-8B0A-02610BBCAB44}.Release|Any CPU.ActiveCfg = Release|Any CPU
		{BAE6357C-EF79-42BD-8B0A-02610BBCAB44}.Release|Any CPU.Build.0 = Release|Any CPU
		{76E7C2DB-6A0A-43F1-99B0-1473F822F704}.Debug|Any CPU.ActiveCfg = Debug|Any CPU
		{76E7C2DB-6A0A-43F1-99B0-1473F822F704}.Debug|Any CPU.Build.0 = Debug|Any CPU
		{76E7C2DB-6A0A-43F1-99B0-1473F822F704}.Release|Any CPU.ActiveCfg = Release|Any CPU
		{76E7C2DB-6A0A-43F1-99B0-1473F822F704}.Release|Any CPU.Build.0 = Release|Any CPU
	EndGlobalSection
	GlobalSection(SolutionProperties) = preSolution
		HideSolutionNode = FALSE
	EndGlobalSection
	GlobalSection(ExtensibilityGlobals) = postSolution
		SolutionGuid = {9F3F5E3E-5CE8-41FC-A1F9-D060DA94530F}
	EndGlobalSection
EndGlobal
